
Microsoft Visual Studio Solution File, Format Version 12.00
# Visual Studio Version 17
VisualStudioVersion = 17.2.32526.322
MinimumVisualStudioVersion = 10.0.40219.1
Project("{9A19103F-16F7-4668-BE54-9A1E7A4F7556}") = "Class0620", "Class0620\Class0620.csproj", "{3D11C1E5-A804-4FFC-A381-6BA7D79B9B15}"
EndProject
Project("{2150E333-8FDC-42A3-9474-1A3956D46DE8}") = "tests", "tests", "{1045E5EB-2647-425A-8FF4-5D226F048E0F}"
EndProject
Project("{FAE04EC0-301F-11D3-BF4B-00C04F79EFBC}") = "Class0620.Tests", "Class0620.Tests\Class0620.Tests.csproj", "{2FE6DAFD-3311-477C-95ED-0C2601391A26}"
	ProjectSection(ProjectDependencies) = postProject
		{3D11C1E5-A804-4FFC-A381-6BA7D79B9B15} = {3D11C1E5-A804-4FFC-A381-6BA7D79B9B15}
	EndProjectSection
EndProject
Global
	GlobalSection(SolutionConfigurationPlatforms) = preSolution
		Debug|Any CPU = Debug|Any CPU
		Release|Any CPU = Release|Any CPU
	EndGlobalSection
	GlobalSection(ProjectConfigurationPlatforms) = postSolution
		{3D11C1E5-A804-4FFC-A381-6BA7D79B9B15}.Debug|Any CPU.ActiveCfg = Debug|Any CPU
		{3D11C1E5-A804-4FFC-A381-6BA7D79B9B15}.Debug|Any CPU.Build.0 = Debug|Any CPU
		{3D11C1E5-A804-4FFC-A381-6BA7D79B9B15}.Release|Any CPU.ActiveCfg = Release|Any CPU
		{3D11C1E5-A804-4FFC-A381-6BA7D79B9B15}.Release|Any CPU.Build.0 = Release|Any CPU
		{2FE6DAFD-3311-477C-95ED-0C2601391A26}.Debug|Any CPU.ActiveCfg = Debug|Any CPU
		{2FE6DAFD-3311-477C-95ED-0C2601391A26}.Debug|Any CPU.Build.0 = Debug|Any CPU
		{2FE6DAFD-3311-477C-95ED-0C2601391A26}.Release|Any CPU.ActiveCfg = Release|Any CPU
		{2FE6DAFD-3311-477C-95ED-0C2601391A26}.Release|Any CPU.Build.0 = Release|Any CPU
	EndGlobalSection
	GlobalSection(SolutionProperties) = preSolution
		HideSolutionNode = FALSE
	EndGlobalSection
	GlobalSection(NestedProjects) = preSolution
		{2FE6DAFD-3311-477C-95ED-0C2601391A26} = {1045E5EB-2647-425A-8FF4-5D226F048E0F}
	EndGlobalSection
	GlobalSection(ExtensibilityGlobals) = postSolution
		SolutionGuid = {FF3B6E4E-ED8B-4E6F-8B9A-B7AF8827D8BF}
	EndGlobalSection
EndGlobal
